
Microsoft Visual Studio Solution File, Format Version 10.00
# Visual Studio 2008
Project("{8BC9CEB8-8B4A-11D0-8D11-00A0C91BC942}") = "Engine", "Engine\Engine.vcproj", "{F9908735-D943-4617-95AB-B0AAB46C9188}"
EndProject
Global
	GlobalSection(SolutionConfigurationPlatforms) = preSolution
		Debug|Win32 = Debug|Win32
		Release Profile|Win32 = Release Profile|Win32
		Release|Win32 = Release|Win32
	EndGlobalSection
	GlobalSection(ProjectConfigurationPlatforms) = postSolution
		{F9908735-D943-4617-95AB-B0AAB46C9188}.Debug|Win32.ActiveCfg = Debug|Win32
		{F9908735-D943-4617-95AB-B0AAB46C9188}.Debug|Win32.Build.0 = Debug|Win32
		{F9908735-D943-4617-95AB-B0AAB46C9188}.Release Profile|Win32.ActiveCfg = Release Profile|Win32
		{F9908735-D943-4617-95AB-B0AAB46C9188}.Release Profile|Win32.Build.0 = Release Profile|Win32
		{F9908735-D943-4617-95AB-B0AAB46C9188}.Release|Win32.ActiveCfg = Release|Win32
		{F9908735-D943-4617-95AB-B0AAB46C9188}.Release|Win32.Build.0 = Release|Win32
	EndGlobalSection
	GlobalSection(SolutionProperties) = preSolution
		HideSolutionNode = FALSE
	EndGlobalSection
EndGlobal
